// !$*UTF8*$!
{
	archiveVersion = 1;
	classes = {
	};
	objectVersion = 55;
	objects = {

/* Begin PBXBuildFile section */
		58211AAF28523AD9008537A9 /* shared in Frameworks */ = {isa = PBXBuildFile; productRef = 58211AAE28523AD9008537A9 /* shared */; };
		582F7AF7285741D3001D3D9B /* WordEntry.swift in Sources */ = {isa = PBXBuildFile; fileRef = 582F7AF6285741D3001D3D9B /* WordEntry.swift */; };
		588AFED1285244CB007FB744 /* GameManager.swift in Sources */ = {isa = PBXBuildFile; fileRef = 588AFED0285244CB007FB744 /* GameManager.swift */; };
		588AFED32852476A007FB744 /* WebSocketManager.swift in Sources */ = {isa = PBXBuildFile; fileRef = 588AFED22852476A007FB744 /* WebSocketManager.swift */; };
		E12921B228575537002443CB /* ChatView.swift in Sources */ = {isa = PBXBuildFile; fileRef = E12921B128575537002443CB /* ChatView.swift */; };
		E12921B42857589F002443CB /* ContentMessageView.swift in Sources */ = {isa = PBXBuildFile; fileRef = E12921B32857589F002443CB /* ContentMessageView.swift */; };
		E172EE1D2844FE52001E64E6 /* DrawingPad.swift in Sources */ = {isa = PBXBuildFile; fileRef = E172EE1C2844FE52001E64E6 /* DrawingPad.swift */; };
		E172EE1F28451693001E64E6 /* DrawingControls.swift in Sources */ = {isa = PBXBuildFile; fileRef = E172EE1E28451693001E64E6 /* DrawingControls.swift */; };
		E17FF31E2844F9A60073D6CE /* DrawingAppApp.swift in Sources */ = {isa = PBXBuildFile; fileRef = E17FF31D2844F9A60073D6CE /* DrawingAppApp.swift */; };
		E17FF3202844F9A60073D6CE /* ContentView.swift in Sources */ = {isa = PBXBuildFile; fileRef = E17FF31F2844F9A60073D6CE /* ContentView.swift */; };
		E17FF3222844F9A80073D6CE /* Assets.xcassets in Resources */ = {isa = PBXBuildFile; fileRef = E17FF3212844F9A80073D6CE /* Assets.xcassets */; };
		E17FF3252844F9A80073D6CE /* Preview Assets.xcassets in Resources */ = {isa = PBXBuildFile; fileRef = E17FF3242844F9A80073D6CE /* Preview Assets.xcassets */; };
		E184CB3A284E0A47002FA4EE /* ColorPicker.swift in Sources */ = {isa = PBXBuildFile; fileRef = E184CB39284E0A47002FA4EE /* ColorPicker.swift */; };
		E184CB3E284E0C64002FA4EE /* ColorsProvider.swift in Sources */ = {isa = PBXBuildFile; fileRef = E184CB3D284E0C64002FA4EE /* ColorsProvider.swift */; };
		E184CB3F284E1EED002FA4EE /* ColorEntry.swift in Sources */ = {isa = PBXBuildFile; fileRef = E184CB3B284E0B66002FA4EE /* ColorEntry.swift */; };
		E184CB41284E268C002FA4EE /* .gitignore in Resources */ = {isa = PBXBuildFile; fileRef = E184CB40284E268C002FA4EE /* .gitignore */; };
/* End PBXBuildFile section */

/* Begin PBXFileReference section */
		58211AAC28523AC4008537A9 /* shared */ = {isa = PBXFileReference; lastKnownFileType = wrapper; name = shared; path = ../../../shared; sourceTree = "<group>"; };
		582F7AF6285741D3001D3D9B /* WordEntry.swift */ = {isa = PBXFileReference; fileEncoding = 4; lastKnownFileType = sourcecode.swift; path = WordEntry.swift; sourceTree = "<group>"; };
		588AFED0285244CB007FB744 /* GameManager.swift */ = {isa = PBXFileReference; lastKnownFileType = sourcecode.swift; path = GameManager.swift; sourceTree = "<group>"; };
		588AFED22852476A007FB744 /* WebSocketManager.swift */ = {isa = PBXFileReference; lastKnownFileType = sourcecode.swift; path = WebSocketManager.swift; sourceTree = "<group>"; };
		E12921B128575537002443CB /* ChatView.swift */ = {isa = PBXFileReference; lastKnownFileType = sourcecode.swift; path = ChatView.swift; sourceTree = "<group>"; };
		E12921B32857589F002443CB /* ContentMessageView.swift */ = {isa = PBXFileReference; lastKnownFileType = sourcecode.swift; path = ContentMessageView.swift; sourceTree = "<group>"; };
		E172EE1C2844FE52001E64E6 /* DrawingPad.swift */ = {isa = PBXFileReference; lastKnownFileType = sourcecode.swift; name = DrawingPad.swift; path = DrawingApp/DrawingPad.swift; sourceTree = SOURCE_ROOT; };
		E172EE1E28451693001E64E6 /* DrawingControls.swift */ = {isa = PBXFileReference; lastKnownFileType = sourcecode.swift; name = DrawingControls.swift; path = DrawingApp/DrawingControls.swift; sourceTree = SOURCE_ROOT; };
		E17FF31A2844F9A60073D6CE /* DrawingApp.app */ = {isa = PBXFileReference; explicitFileType = wrapper.application; includeInIndex = 0; path = DrawingApp.app; sourceTree = BUILT_PRODUCTS_DIR; };
		E17FF31D2844F9A60073D6CE /* DrawingAppApp.swift */ = {isa = PBXFileReference; lastKnownFileType = sourcecode.swift; path = DrawingAppApp.swift; sourceTree = "<group>"; };
		E17FF31F2844F9A60073D6CE /* ContentView.swift */ = {isa = PBXFileReference; lastKnownFileType = sourcecode.swift; name = ContentView.swift; path = DrawingApp/ContentView.swift; sourceTree = SOURCE_ROOT; };
		E17FF3212844F9A80073D6CE /* Assets.xcassets */ = {isa = PBXFileReference; lastKnownFileType = folder.assetcatalog; path = Assets.xcassets; sourceTree = "<group>"; };
		E17FF3242844F9A80073D6CE /* Preview Assets.xcassets */ = {isa = PBXFileReference; lastKnownFileType = folder.assetcatalog; path = "Preview Assets.xcassets"; sourceTree = "<group>"; };
		E184CB39284E0A47002FA4EE /* ColorPicker.swift */ = {isa = PBXFileReference; lastKnownFileType = sourcecode.swift; name = ColorPicker.swift; path = DrawingApp/ColorPicker.swift; sourceTree = SOURCE_ROOT; };
		E184CB3B284E0B66002FA4EE /* ColorEntry.swift */ = {isa = PBXFileReference; lastKnownFileType = sourcecode.swift; name = ColorEntry.swift; path = DrawingApp/ColorEntry.swift; sourceTree = SOURCE_ROOT; };
		E184CB3D284E0C64002FA4EE /* ColorsProvider.swift */ = {isa = PBXFileReference; lastKnownFileType = sourcecode.swift; name = ColorsProvider.swift; path = DrawingApp/ColorsProvider.swift; sourceTree = SOURCE_ROOT; };
		E184CB40284E268C002FA4EE /* .gitignore */ = {isa = PBXFileReference; lastKnownFileType = text; path = .gitignore; sourceTree = "<group>"; };
/* End PBXFileReference section */

/* Begin PBXFrameworksBuildPhase section */
		E17FF3172844F9A60073D6CE /* Frameworks */ = {
			isa = PBXFrameworksBuildPhase;
			buildActionMask = 2147483647;
			files = (
				58211AAF28523AD9008537A9 /* shared in Frameworks */,
			);
			runOnlyForDeploymentPostprocessing = 0;
		};
/* End PBXFrameworksBuildPhase section */

/* Begin PBXGroup section */
		58211AAD28523AD9008537A9 /* Frameworks */ = {
			isa = PBXGroup;
			children = (
			);
			name = Frameworks;
			sourceTree = "<group>";
		};
		588AFECF285244BD007FB744 /* Managers */ = {
			isa = PBXGroup;
			children = (
				588AFED0285244CB007FB744 /* GameManager.swift */,
				588AFED22852476A007FB744 /* WebSocketManager.swift */,
			);
			path = Managers;
			sourceTree = "<group>";
		};
		E17FF3112844F9A60073D6CE = {
			isa = PBXGroup;
			children = (
				E17FF31C2844F9A60073D6CE /* DrawingApp */,
				E17FF31B2844F9A60073D6CE /* Products */,
				58211AAD28523AD9008537A9 /* Frameworks */,
			);
			sourceTree = "<group>";
		};
		E17FF31B2844F9A60073D6CE /* Products */ = {
			isa = PBXGroup;
			children = (
				E17FF31A2844F9A60073D6CE /* DrawingApp.app */,
			);
			name = Products;
			sourceTree = "<group>";
		};
		E17FF31C2844F9A60073D6CE /* DrawingApp */ = {
			isa = PBXGroup;
			children = (
				588AFECF285244BD007FB744 /* Managers */,
				E17FF31D2844F9A60073D6CE /* DrawingAppApp.swift */,
				E17FF31F2844F9A60073D6CE /* ContentView.swift */,
				E17FF3212844F9A80073D6CE /* Assets.xcassets */,
				E17FF3232844F9A80073D6CE /* Preview Content */,
				E172EE1C2844FE52001E64E6 /* DrawingPad.swift */,
				E172EE1E28451693001E64E6 /* DrawingControls.swift */,
				E184CB39284E0A47002FA4EE /* ColorPicker.swift */,
				582F7AF6285741D3001D3D9B /* WordEntry.swift */,
				E184CB3B284E0B66002FA4EE /* ColorEntry.swift */,
				E184CB3D284E0C64002FA4EE /* ColorsProvider.swift */,
				E184CB40284E268C002FA4EE /* .gitignore */,
				58211AAC28523AC4008537A9 /* shared */,
				E12921B128575537002443CB /* ChatView.swift */,
				E12921B32857589F002443CB /* ContentMessageView.swift */,
			);
			path = DrawingApp;
			sourceTree = "<group>";
		};
		E17FF3232844F9A80073D6CE /* Preview Content */ = {
			isa = PBXGroup;
			children = (
				E17FF3242844F9A80073D6CE /* Preview Assets.xcassets */,
			);
			path = "Preview Content";
			sourceTree = "<group>";
		};
/* End PBXGroup section */

/* Begin PBXNativeTarget section */
		E17FF3192844F9A60073D6CE /* DrawingApp */ = {
			isa = PBXNativeTarget;
			buildConfigurationList = E17FF3282844F9A80073D6CE /* Build configuration list for PBXNativeTarget "DrawingApp" */;
			buildPhases = (
				E17FF3162844F9A60073D6CE /* Sources */,
				E17FF3172844F9A60073D6CE /* Frameworks */,
				E17FF3182844F9A60073D6CE /* Resources */,
			);
			buildRules = (
			);
			dependencies = (
			);
			name = DrawingApp;
			packageProductDependencies = (
				58211AAE28523AD9008537A9 /* shared */,
			);
			productName = DrawingApp;
			productReference = E17FF31A2844F9A60073D6CE /* DrawingApp.app */;
			productType = "com.apple.product-type.application";
		};
/* End PBXNativeTarget section */

/* Begin PBXProject section */
		E17FF3122844F9A60073D6CE /* Project object */ = {
			isa = PBXProject;
			attributes = {
				BuildIndependentTargetsInParallel = 1;
				LastSwiftUpdateCheck = 1330;
				LastUpgradeCheck = 1330;
				TargetAttributes = {
					E17FF3192844F9A60073D6CE = {
						CreatedOnToolsVersion = 13.3.1;
					};
				};
			};
			buildConfigurationList = E17FF3152844F9A60073D6CE /* Build configuration list for PBXProject "DrawingApp" */;
			compatibilityVersion = "Xcode 13.0";
			developmentRegion = en;
			hasScannedForEncodings = 0;
			knownRegions = (
				en,
				Base,
			);
			mainGroup = E17FF3112844F9A60073D6CE;
			productRefGroup = E17FF31B2844F9A60073D6CE /* Products */;
			projectDirPath = "";
			projectRoot = "";
			targets = (
				E17FF3192844F9A60073D6CE /* DrawingApp */,
			);
		};
/* End PBXProject section */

/* Begin PBXResourcesBuildPhase section */
		E17FF3182844F9A60073D6CE /* Resources */ = {
			isa = PBXResourcesBuildPhase;
			buildActionMask = 2147483647;
			files = (
				E17FF3252844F9A80073D6CE /* Preview Assets.xcassets in Resources */,
				E184CB41284E268C002FA4EE /* .gitignore in Resources */,
				E17FF3222844F9A80073D6CE /* Assets.xcassets in Resources */,
			);
			runOnlyForDeploymentPostprocessing = 0;
		};
/* End PBXResourcesBuildPhase section */

/* Begin PBXSourcesBuildPhase section */
		E17FF3162844F9A60073D6CE /* Sources */ = {
			isa = PBXSourcesBuildPhase;
			buildActionMask = 2147483647;
			files = (
				E172EE1F28451693001E64E6 /* DrawingControls.swift in Sources */,
				582F7AF7285741D3001D3D9B /* WordEntry.swift in Sources */,
				588AFED1285244CB007FB744 /* GameManager.swift in Sources */,
				588AFED32852476A007FB744 /* WebSocketManager.swift in Sources */,
				E12921B228575537002443CB /* ChatView.swift in Sources */,
				E172EE1D2844FE52001E64E6 /* DrawingPad.swift in Sources */,
				E12921B42857589F002443CB /* ContentMessageView.swift in Sources */,
				E184CB3A284E0A47002FA4EE /* ColorPicker.swift in Sources */,
				E17FF3202844F9A60073D6CE /* ContentView.swift in Sources */,
				E184CB3F284E1EED002FA4EE /* ColorEntry.swift in Sources */,
				E184CB3E284E0C64002FA4EE /* ColorsProvider.swift in Sources */,
				E17FF31E2844F9A60073D6CE /* DrawingAppApp.swift in Sources */,
			);
			runOnlyForDeploymentPostprocessing = 0;
		};
/* End PBXSourcesBuildPhase section */

/* Begin XCBuildConfiguration section */
		E17FF3262844F9A80073D6CE /* Debug */ = {
			isa = XCBuildConfiguration;
			buildSettings = {
				ALWAYS_SEARCH_USER_PATHS = NO;
				CLANG_ANALYZER_NONNULL = YES;
				CLANG_ANALYZER_NUMBER_OBJECT_CONVERSION = YES_AGGRESSIVE;
				CLANG_CXX_LANGUAGE_STANDARD = "gnu++17";
				CLANG_ENABLE_MODULES = YES;
				CLANG_ENABLE_OBJC_ARC = YES;
				CLANG_ENABLE_OBJC_WEAK = YES;
				CLANG_WARN_BLOCK_CAPTURE_AUTORELEASING = YES;
				CLANG_WARN_BOOL_CONVERSION = YES;
				CLANG_WARN_COMMA = YES;
				CLANG_WARN_CONSTANT_CONVERSION = YES;
				CLANG_WARN_DEPRECATED_OBJC_IMPLEMENTATIONS = YES;
				CLANG_WARN_DIRECT_OBJC_ISA_USAGE = YES_ERROR;
				CLANG_WARN_DOCUMENTATION_COMMENTS = YES;
				CLANG_WARN_EMPTY_BODY = YES;
				CLANG_WARN_ENUM_CONVERSION = YES;
				CLANG_WARN_INFINITE_RECURSION = YES;
				CLANG_WARN_INT_CONVERSION = YES;
				CLANG_WARN_NON_LITERAL_NULL_CONVERSION = YES;
				CLANG_WARN_OBJC_IMPLICIT_RETAIN_SELF = YES;
				CLANG_WARN_OBJC_LITERAL_CONVERSION = YES;
				CLANG_WARN_OBJC_ROOT_CLASS = YES_ERROR;
				CLANG_WARN_QUOTED_INCLUDE_IN_FRAMEWORK_HEADER = YES;
				CLANG_WARN_RANGE_LOOP_ANALYSIS = YES;
				CLANG_WARN_STRICT_PROTOTYPES = YES;
				CLANG_WARN_SUSPICIOUS_MOVE = YES;
				CLANG_WARN_UNGUARDED_AVAILABILITY = YES_AGGRESSIVE;
				CLANG_WARN_UNREACHABLE_CODE = YES;
				CLANG_WARN__DUPLICATE_METHOD_MATCH = YES;
				COPY_PHASE_STRIP = NO;
				DEBUG_INFORMATION_FORMAT = dwarf;
				ENABLE_STRICT_OBJC_MSGSEND = YES;
				ENABLE_TESTABILITY = YES;
				GCC_C_LANGUAGE_STANDARD = gnu11;
				GCC_DYNAMIC_NO_PIC = NO;
				GCC_NO_COMMON_BLOCKS = YES;
				GCC_OPTIMIZATION_LEVEL = 0;
				GCC_PREPROCESSOR_DEFINITIONS = (
					"DEBUG=1",
					"$(inherited)",
				);
				GCC_WARN_64_TO_32_BIT_CONVERSION = YES;
				GCC_WARN_ABOUT_RETURN_TYPE = YES_ERROR;
				GCC_WARN_UNDECLARED_SELECTOR = YES;
				GCC_WARN_UNINITIALIZED_AUTOS = YES_AGGRESSIVE;
				GCC_WARN_UNUSED_FUNCTION = YES;
				GCC_WARN_UNUSED_VARIABLE = YES;
				IPHONEOS_DEPLOYMENT_TARGET = 15.4;
				MTL_ENABLE_DEBUG_INFO = INCLUDE_SOURCE;
				MTL_FAST_MATH = YES;
				ONLY_ACTIVE_ARCH = YES;
				SDKROOT = iphoneos;
				SWIFT_ACTIVE_COMPILATION_CONDITIONS = DEBUG;
				SWIFT_OPTIMIZATION_LEVEL = "-Onone";
			};
			name = Debug;
		};
		E17FF3272844F9A80073D6CE /* Release */ = {
			isa = XCBuildConfiguration;
			buildSettings = {
				ALWAYS_SEARCH_USER_PATHS = NO;
				CLANG_ANALYZER_NONNULL = YES;
				CLANG_ANALYZER_NUMBER_OBJECT_CONVERSION = YES_AGGRESSIVE;
				CLANG_CXX_LANGUAGE_STANDARD = "gnu++17";
				CLANG_ENABLE_MODULES = YES;
				CLANG_ENABLE_OBJC_ARC = YES;
				CLANG_ENABLE_OBJC_WEAK = YES;
				CLANG_WARN_BLOCK_CAPTURE_AUTORELEASING = YES;
				CLANG_WARN_BOOL_CONVERSION = YES;
				CLANG_WARN_COMMA = YES;
				CLANG_WARN_CONSTANT_CONVERSION = YES;
				CLANG_WARN_DEPRECATED_OBJC_IMPLEMENTATIONS = YES;
				CLANG_WARN_DIRECT_OBJC_ISA_USAGE = YES_ERROR;
				CLANG_WARN_DOCUMENTATION_COMMENTS = YES;
				CLANG_WARN_EMPTY_BODY = YES;
				CLANG_WARN_ENUM_CONVERSION = YES;
				CLANG_WARN_INFINITE_RECURSION = YES;
				CLANG_WARN_INT_CONVERSION = YES;
				CLANG_WARN_NON_LITERAL_NULL_CONVERSION = YES;
				CLANG_WARN_OBJC_IMPLICIT_RETAIN_SELF = YES;
				CLANG_WARN_OBJC_LITERAL_CONVERSION = YES;
				CLANG_WARN_OBJC_ROOT_CLASS = YES_ERROR;
				CLANG_WARN_QUOTED_INCLUDE_IN_FRAMEWORK_HEADER = YES;
				CLANG_WARN_RANGE_LOOP_ANALYSIS = YES;
				CLANG_WARN_STRICT_PROTOTYPES = YES;
				CLANG_WARN_SUSPICIOUS_MOVE = YES;
				CLANG_WARN_UNGUARDED_AVAILABILITY = YES_AGGRESSIVE;
				CLANG_WARN_UNREACHABLE_CODE = YES;
				CLANG_WARN__DUPLICATE_METHOD_MATCH = YES;
				COPY_PHASE_STRIP = NO;
				DEBUG_INFORMATION_FORMAT = "dwarf-with-dsym";
				ENABLE_NS_ASSERTIONS = NO;
				ENABLE_STRICT_OBJC_MSGSEND = YES;
				GCC_C_LANGUAGE_STANDARD = gnu11;
				GCC_NO_COMMON_BLOCKS = YES;
				GCC_WARN_64_TO_32_BIT_CONVERSION = YES;
				GCC_WARN_ABOUT_RETURN_TYPE = YES_ERROR;
				GCC_WARN_UNDECLARED_SELECTOR = YES;
				GCC_WARN_UNINITIALIZED_AUTOS = YES_AGGRESSIVE;
				GCC_WARN_UNUSED_FUNCTION = YES;
				GCC_WARN_UNUSED_VARIABLE = YES;
				IPHONEOS_DEPLOYMENT_TARGET = 15.4;
				MTL_ENABLE_DEBUG_INFO = NO;
				MTL_FAST_MATH = YES;
				SDKROOT = iphoneos;
				SWIFT_COMPILATION_MODE = wholemodule;
				SWIFT_OPTIMIZATION_LEVEL = "-O";
				VALIDATE_PRODUCT = YES;
			};
			name = Release;
		};
		E17FF3292844F9A80073D6CE /* Debug */ = {
			isa = XCBuildConfiguration;
			buildSettings = {
				ASSETCATALOG_COMPILER_APPICON_NAME = AppIcon;
				ASSETCATALOG_COMPILER_GLOBAL_ACCENT_COLOR_NAME = AccentColor;
				CODE_SIGN_STYLE = Automatic;
				CURRENT_PROJECT_VERSION = 1;
				DEVELOPMENT_ASSET_PATHS = "\"DrawingApp/Preview Content\"";
				DEVELOPMENT_TEAM = 489C65MDF6;
				ENABLE_PREVIEWS = YES;
				GENERATE_INFOPLIST_FILE = YES;
				INFOPLIST_KEY_UIApplicationSceneManifest_Generation = YES;
				INFOPLIST_KEY_UIApplicationSupportsIndirectInputEvents = YES;
				INFOPLIST_KEY_UILaunchScreen_Generation = YES;
				INFOPLIST_KEY_UISupportedInterfaceOrientations_iPad = "UIInterfaceOrientationPortrait UIInterfaceOrientationPortraitUpsideDown UIInterfaceOrientationLandscapeLeft UIInterfaceOrientationLandscapeRight";
				INFOPLIST_KEY_UISupportedInterfaceOrientations_iPhone = "UIInterfaceOrientationPortrait UIInterfaceOrientationLandscapeLeft UIInterfaceOrientationLandscapeRight";
				LD_RUNPATH_SEARCH_PATHS = (
					"$(inherited)",
					"@executable_path/Frameworks",
				);
				MARKETING_VERSION = 1.0;
				PRODUCT_BUNDLE_IDENTIFIER = madiena.DrawingApp;
				PRODUCT_NAME = "$(TARGET_NAME)";
				SWIFT_EMIT_LOC_STRINGS = YES;
				SWIFT_VERSION = 5.0;
				TARGETED_DEVICE_FAMILY = "1,2";
			};
			name = Debug;
		};
		E17FF32A2844F9A80073D6CE /* Release */ = {
			isa = XCBuildConfiguration;
			buildSettings = {
				ASSETCATALOG_COMPILER_APPICON_NAME = AppIcon;
				ASSETCATALOG_COMPILER_GLOBAL_ACCENT_COLOR_NAME = AccentColor;
				CODE_SIGN_STYLE = Automatic;
				CURRENT_PROJECT_VERSION = 1;
				DEVELOPMENT_ASSET_PATHS = "\"DrawingApp/Preview Content\"";
				DEVELOPMENT_TEAM = 489C65MDF6;
				ENABLE_PREVIEWS = YES;
				GENERATE_INFOPLIST_FILE = YES;
				INFOPLIST_KEY_UIApplicationSceneManifest_Generation = YES;
				INFOPLIST_KEY_UIApplicationSupportsIndirectInputEvents = YES;
				INFOPLIST_KEY_UILaunchScreen_Generation = YES;
				INFOPLIST_KEY_UISupportedInterfaceOrientations_iPad = "UIInterfaceOrientationPortrait UIInterfaceOrientationPortraitUpsideDown UIInterfaceOrientationLandscapeLeft UIInterfaceOrientationLandscapeRight";
				INFOPLIST_KEY_UISupportedInterfaceOrientations_iPhone = "UIInterfaceOrientationPortrait UIInterfaceOrientationLandscapeLeft UIInterfaceOrientationLandscapeRight";
				LD_RUNPATH_SEARCH_PATHS = (
					"$(inherited)",
					"@executable_path/Frameworks",
				);
				MARKETING_VERSION = 1.0;
				PRODUCT_BUNDLE_IDENTIFIER = madiena.DrawingApp;
				PRODUCT_NAME = "$(TARGET_NAME)";
				SWIFT_EMIT_LOC_STRINGS = YES;
				SWIFT_VERSION = 5.0;
				TARGETED_DEVICE_FAMILY = "1,2";
			};
			name = Release;
		};
/* End XCBuildConfiguration section */

/* Begin XCConfigurationList section */
		E17FF3152844F9A60073D6CE /* Build configuration list for PBXProject "DrawingApp" */ = {
			isa = XCConfigurationList;
			buildConfigurations = (
				E17FF3262844F9A80073D6CE /* Debug */,
				E17FF3272844F9A80073D6CE /* Release */,
			);
			defaultConfigurationIsVisible = 0;
			defaultConfigurationName = Release;
		};
		E17FF3282844F9A80073D6CE /* Build configuration list for PBXNativeTarget "DrawingApp" */ = {
			isa = XCConfigurationList;
			buildConfigurations = (
				E17FF3292844F9A80073D6CE /* Debug */,
				E17FF32A2844F9A80073D6CE /* Release */,
			);
			defaultConfigurationIsVisible = 0;
			defaultConfigurationName = Release;
		};
/* End XCConfigurationList section */

/* Begin XCSwiftPackageProductDependency section */
		58211AAE28523AD9008537A9 /* shared */ = {
			isa = XCSwiftPackageProductDependency;
			productName = shared;
		};
/* End XCSwiftPackageProductDependency section */
	};
	rootObject = E17FF3122844F9A60073D6CE /* Project object */;
}
