{
  "pins" : [
    {
      "identity" : "swift-nio",
      "kind" : "remoteSourceControl",
      "location" : "https://github.com/apple/swift-nio.git",
      "state" : {
        "revision" : "124119f0bb12384cef35aa041d7c3a686108722d",
        "version" : "2.40.0"
      }
    },
    {
      "identity" : "swift-nio-ssl",
      "kind" : "remoteSourceControl",
      "location" : "https://github.com/apple/swift-nio-ssl.git",
      "state" : {
        "revision" : "1750873bce84b4129b5303655cce2c3d35b9ed3a",
        "version" : "2.19.0"
      }
    },
    {
      "identity" : "websocket-kit",
      "kind" : "remoteSourceControl",
      "location" : "https://github.com/vapor/websocket-kit.git",
      "state" : {
        "revision" : "09212f4c2b9ebdef00f04b913b57f5d77bc4ea62",
        "version" : "2.4.1"
      }
    }
  ],
  "version" : 2
}
